// !$*UTF8*$!
{
	archiveVersion = 1;
	classes = {
	};
	objectVersion = 50;
	objects = {

/* Begin PBXBuildFile section */
		84AD6DBF21FD0F03002223AF /* AppDelegate.swift in Sources */ = {isa = PBXBuildFile; fileRef = 84AD6DBE21FD0F03002223AF /* AppDelegate.swift */; };
		84AD6DC121FD0F03002223AF /* MainVC.swift in Sources */ = {isa = PBXBuildFile; fileRef = 84AD6DC021FD0F03002223AF /* MainVC.swift */; };
		84AD6DC421FD0F03002223AF /* Main.storyboard in Resources */ = {isa = PBXBuildFile; fileRef = 84AD6DC221FD0F03002223AF /* Main.storyboard */; };
		84AD6DC621FD0F05002223AF /* Assets.xcassets in Resources */ = {isa = PBXBuildFile; fileRef = 84AD6DC521FD0F05002223AF /* Assets.xcassets */; };
		84AD6DC921FD0F05002223AF /* LaunchScreen.storyboard in Resources */ = {isa = PBXBuildFile; fileRef = 84AD6DC721FD0F05002223AF /* LaunchScreen.storyboard */; };
		84AD6DD421FD0F05002223AF /* XoxTests.swift in Sources */ = {isa = PBXBuildFile; fileRef = 84AD6DD321FD0F05002223AF /* XoxTests.swift */; };
		84AD6DDF21FD0F05002223AF /* XoxUITests.swift in Sources */ = {isa = PBXBuildFile; fileRef = 84AD6DDE21FD0F05002223AF /* XoxUITests.swift */; };
		84AD6DF021FD91BC002223AF /* Game.swift in Sources */ = {isa = PBXBuildFile; fileRef = 84AD6DEF21FD91BC002223AF /* Game.swift */; };
		84AD6DF121FD91BC002223AF /* Game.swift in Sources */ = {isa = PBXBuildFile; fileRef = 84AD6DEF21FD91BC002223AF /* Game.swift */; };
		84AD6DF221FD91BC002223AF /* Game.swift in Sources */ = {isa = PBXBuildFile; fileRef = 84AD6DEF21FD91BC002223AF /* Game.swift */; };
		84AD6DF521FD92C5002223AF /* bg.jpg in Resources */ = {isa = PBXBuildFile; fileRef = 84AD6DF421FD92C5002223AF /* bg.jpg */; };
		84AD6DF921FD9588002223AF /* GameVC.swift in Sources */ = {isa = PBXBuildFile; fileRef = 84AD6DF821FD9588002223AF /* GameVC.swift */; };
		84AD6DFA21FD9588002223AF /* GameVC.swift in Sources */ = {isa = PBXBuildFile; fileRef = 84AD6DF821FD9588002223AF /* GameVC.swift */; };
		84AD6DFB21FD9588002223AF /* GameVC.swift in Sources */ = {isa = PBXBuildFile; fileRef = 84AD6DF821FD9588002223AF /* GameVC.swift */; };
		84AD6DFD21FD95A8002223AF /* GameVM.swift in Sources */ = {isa = PBXBuildFile; fileRef = 84AD6DFC21FD95A8002223AF /* GameVM.swift */; };
		84AD6DFE21FD95A8002223AF /* GameVM.swift in Sources */ = {isa = PBXBuildFile; fileRef = 84AD6DFC21FD95A8002223AF /* GameVM.swift */; };
		84AD6DFF21FD95A8002223AF /* GameVM.swift in Sources */ = {isa = PBXBuildFile; fileRef = 84AD6DFC21FD95A8002223AF /* GameVM.swift */; };
		84AD6E0121FD9FC6002223AF /* AI.swift in Sources */ = {isa = PBXBuildFile; fileRef = 84AD6E0021FD9FC6002223AF /* AI.swift */; };
		84AD6E0221FD9FC6002223AF /* AI.swift in Sources */ = {isa = PBXBuildFile; fileRef = 84AD6E0021FD9FC6002223AF /* AI.swift */; };
		84AD6E0321FD9FC6002223AF /* AI.swift in Sources */ = {isa = PBXBuildFile; fileRef = 84AD6E0021FD9FC6002223AF /* AI.swift */; };
		84AD6E0621FDAB6E002223AF /* GameCell.swift in Sources */ = {isa = PBXBuildFile; fileRef = 84AD6E0521FDAB6E002223AF /* GameCell.swift */; };
		84AD6E0721FDAB6E002223AF /* GameCell.swift in Sources */ = {isa = PBXBuildFile; fileRef = 84AD6E0521FDAB6E002223AF /* GameCell.swift */; };
		84AD6E0921FDABCA002223AF /* GameCellVM.swift in Sources */ = {isa = PBXBuildFile; fileRef = 84AD6E0821FDABCA002223AF /* GameCellVM.swift */; };
		84AD6E0C21FDACC2002223AF /* GameCellVM.swift in Sources */ = {isa = PBXBuildFile; fileRef = 84AD6E0821FDABCA002223AF /* GameCellVM.swift */; };
		84AD6E0D21FDC936002223AF /* GameCellVM.swift in Sources */ = {isa = PBXBuildFile; fileRef = 84AD6E0821FDABCA002223AF /* GameCellVM.swift */; };
		84AD6E0E21FDC939002223AF /* GameCell.swift in Sources */ = {isa = PBXBuildFile; fileRef = 84AD6E0521FDAB6E002223AF /* GameCell.swift */; };
/* End PBXBuildFile section */

/* Begin PBXContainerItemProxy section */
		84AD6DD021FD0F05002223AF /* PBXContainerItemProxy */ = {
			isa = PBXContainerItemProxy;
			containerPortal = 84AD6DB321FD0F03002223AF /* Project object */;
			proxyType = 1;
			remoteGlobalIDString = 84AD6DBA21FD0F03002223AF;
			remoteInfo = Xox;
		};
		84AD6DDB21FD0F05002223AF /* PBXContainerItemProxy */ = {
			isa = PBXContainerItemProxy;
			containerPortal = 84AD6DB321FD0F03002223AF /* Project object */;
			proxyType = 1;
			remoteGlobalIDString = 84AD6DBA21FD0F03002223AF;
			remoteInfo = Xox;
		};
/* End PBXContainerItemProxy section */

/* Begin PBXFileReference section */
		84AD6DBB21FD0F03002223AF /* Xox.app */ = {isa = PBXFileReference; explicitFileType = wrapper.application; includeInIndex = 0; path = Xox.app; sourceTree = BUILT_PRODUCTS_DIR; };
		84AD6DBE21FD0F03002223AF /* AppDelegate.swift */ = {isa = PBXFileReference; lastKnownFileType = sourcecode.swift; path = AppDelegate.swift; sourceTree = "<group>"; };
		84AD6DC021FD0F03002223AF /* MainVC.swift */ = {isa = PBXFileReference; lastKnownFileType = sourcecode.swift; path = MainVC.swift; sourceTree = "<group>"; };
		84AD6DC321FD0F03002223AF /* Base */ = {isa = PBXFileReference; lastKnownFileType = file.storyboard; name = Base; path = Base.lproj/Main.storyboard; sourceTree = "<group>"; };
		84AD6DC521FD0F05002223AF /* Assets.xcassets */ = {isa = PBXFileReference; lastKnownFileType = folder.assetcatalog; path = Assets.xcassets; sourceTree = "<group>"; };
		84AD6DC821FD0F05002223AF /* Base */ = {isa = PBXFileReference; lastKnownFileType = file.storyboard; name = Base; path = Base.lproj/LaunchScreen.storyboard; sourceTree = "<group>"; };
		84AD6DCA21FD0F05002223AF /* Info.plist */ = {isa = PBXFileReference; lastKnownFileType = text.plist.xml; path = Info.plist; sourceTree = "<group>"; };
		84AD6DCF21FD0F05002223AF /* XoxTests.xctest */ = {isa = PBXFileReference; explicitFileType = wrapper.cfbundle; includeInIndex = 0; path = XoxTests.xctest; sourceTree = BUILT_PRODUCTS_DIR; };
		84AD6DD321FD0F05002223AF /* XoxTests.swift */ = {isa = PBXFileReference; lastKnownFileType = sourcecode.swift; path = XoxTests.swift; sourceTree = "<group>"; };
		84AD6DD521FD0F05002223AF /* Info.plist */ = {isa = PBXFileReference; lastKnownFileType = text.plist.xml; path = Info.plist; sourceTree = "<group>"; };
		84AD6DDA21FD0F05002223AF /* XoxUITests.xctest */ = {isa = PBXFileReference; explicitFileType = wrapper.cfbundle; includeInIndex = 0; path = XoxUITests.xctest; sourceTree = BUILT_PRODUCTS_DIR; };
		84AD6DDE21FD0F05002223AF /* XoxUITests.swift */ = {isa = PBXFileReference; lastKnownFileType = sourcecode.swift; path = XoxUITests.swift; sourceTree = "<group>"; };
		84AD6DE021FD0F05002223AF /* Info.plist */ = {isa = PBXFileReference; lastKnownFileType = text.plist.xml; path = Info.plist; sourceTree = "<group>"; };
		84AD6DEF21FD91BC002223AF /* Game.swift */ = {isa = PBXFileReference; lastKnownFileType = sourcecode.swift; path = Game.swift; sourceTree = "<group>"; };
		84AD6DF421FD92C5002223AF /* bg.jpg */ = {isa = PBXFileReference; lastKnownFileType = image.jpeg; path = bg.jpg; sourceTree = "<group>"; };
		84AD6DF821FD9588002223AF /* GameVC.swift */ = {isa = PBXFileReference; lastKnownFileType = sourcecode.swift; path = GameVC.swift; sourceTree = "<group>"; };
		84AD6DFC21FD95A8002223AF /* GameVM.swift */ = {isa = PBXFileReference; lastKnownFileType = sourcecode.swift; path = GameVM.swift; sourceTree = "<group>"; };
		84AD6E0021FD9FC6002223AF /* AI.swift */ = {isa = PBXFileReference; lastKnownFileType = sourcecode.swift; path = AI.swift; sourceTree = "<group>"; };
		84AD6E0521FDAB6E002223AF /* GameCell.swift */ = {isa = PBXFileReference; lastKnownFileType = sourcecode.swift; path = GameCell.swift; sourceTree = "<group>"; };
		84AD6E0821FDABCA002223AF /* GameCellVM.swift */ = {isa = PBXFileReference; lastKnownFileType = sourcecode.swift; path = GameCellVM.swift; sourceTree = "<group>"; };
/* End PBXFileReference section */

/* Begin PBXFrameworksBuildPhase section */
		84AD6DB821FD0F03002223AF /* Frameworks */ = {
			isa = PBXFrameworksBuildPhase;
			buildActionMask = 2147483647;
			files = (
			);
			runOnlyForDeploymentPostprocessing = 0;
		};
		84AD6DCC21FD0F05002223AF /* Frameworks */ = {
			isa = PBXFrameworksBuildPhase;
			buildActionMask = 2147483647;
			files = (
			);
			runOnlyForDeploymentPostprocessing = 0;
		};
		84AD6DD721FD0F05002223AF /* Frameworks */ = {
			isa = PBXFrameworksBuildPhase;
			buildActionMask = 2147483647;
			files = (
			);
			runOnlyForDeploymentPostprocessing = 0;
		};
/* End PBXFrameworksBuildPhase section */

/* Begin PBXGroup section */
		84AD6DB221FD0F03002223AF = {
			isa = PBXGroup;
			children = (
				84AD6DBD21FD0F03002223AF /* Xox */,
				84AD6DD221FD0F05002223AF /* XoxTests */,
				84AD6DDD21FD0F05002223AF /* XoxUITests */,
				84AD6DBC21FD0F03002223AF /* Products */,
			);
			sourceTree = "<group>";
		};
		84AD6DBC21FD0F03002223AF /* Products */ = {
			isa = PBXGroup;
			children = (
				84AD6DBB21FD0F03002223AF /* Xox.app */,
				84AD6DCF21FD0F05002223AF /* XoxTests.xctest */,
				84AD6DDA21FD0F05002223AF /* XoxUITests.xctest */,
			);
			name = Products;
			sourceTree = "<group>";
		};
		84AD6DBD21FD0F03002223AF /* Xox */ = {
			isa = PBXGroup;
			children = (
				84AD6DF321FD9299002223AF /* Resource */,
				84AD6DEE21FD9119002223AF /* Model */,
				84AD6DED21FD910A002223AF /* Module */,
				84AD6DBE21FD0F03002223AF /* AppDelegate.swift */,
				84AD6DC221FD0F03002223AF /* Main.storyboard */,
				84AD6DC521FD0F05002223AF /* Assets.xcassets */,
				84AD6DC721FD0F05002223AF /* LaunchScreen.storyboard */,
				84AD6DCA21FD0F05002223AF /* Info.plist */,
			);
			path = Xox;
			sourceTree = "<group>";
		};
		84AD6DD221FD0F05002223AF /* XoxTests */ = {
			isa = PBXGroup;
			children = (
				84AD6DD321FD0F05002223AF /* XoxTests.swift */,
				84AD6DD521FD0F05002223AF /* Info.plist */,
			);
			path = XoxTests;
			sourceTree = "<group>";
		};
		84AD6DDD21FD0F05002223AF /* XoxUITests */ = {
			isa = PBXGroup;
			children = (
				84AD6DDE21FD0F05002223AF /* XoxUITests.swift */,
				84AD6DE021FD0F05002223AF /* Info.plist */,
			);
			path = XoxUITests;
			sourceTree = "<group>";
		};
		84AD6DED21FD910A002223AF /* Module */ = {
			isa = PBXGroup;
			children = (
				84AD6E0B21FDACBA002223AF /* GameCell */,
				84AD6DF721FD9570002223AF /* Game */,
				84AD6DF621FD9560002223AF /* Main */,
				84AD6E0021FD9FC6002223AF /* AI.swift */,
			);
			path = Module;
			sourceTree = "<group>";
		};
		84AD6DEE21FD9119002223AF /* Model */ = {
			isa = PBXGroup;
			children = (
				84AD6DEF21FD91BC002223AF /* Game.swift */,
			);
			path = Model;
			sourceTree = "<group>";
		};
		84AD6DF321FD9299002223AF /* Resource */ = {
			isa = PBXGroup;
			children = (
				84AD6DF421FD92C5002223AF /* bg.jpg */,
			);
			path = Resource;
			sourceTree = "<group>";
		};
		84AD6DF621FD9560002223AF /* Main */ = {
			isa = PBXGroup;
			children = (
				84AD6DC021FD0F03002223AF /* MainVC.swift */,
			);
			path = Main;
			sourceTree = "<group>";
		};
		84AD6DF721FD9570002223AF /* Game */ = {
			isa = PBXGroup;
			children = (
				84AD6DF821FD9588002223AF /* GameVC.swift */,
				84AD6DFC21FD95A8002223AF /* GameVM.swift */,
			);
			path = Game;
			sourceTree = "<group>";
		};
		84AD6E0B21FDACBA002223AF /* GameCell */ = {
			isa = PBXGroup;
			children = (
				84AD6E0521FDAB6E002223AF /* GameCell.swift */,
				84AD6E0821FDABCA002223AF /* GameCellVM.swift */,
			);
			path = GameCell;
			sourceTree = "<group>";
		};
/* End PBXGroup section */

/* Begin PBXNativeTarget section */
		84AD6DBA21FD0F03002223AF /* Xox */ = {
			isa = PBXNativeTarget;
			buildConfigurationList = 84AD6DE321FD0F05002223AF /* Build configuration list for PBXNativeTarget "Xox" */;
			buildPhases = (
				84AD6DB721FD0F03002223AF /* Sources */,
				84AD6DB821FD0F03002223AF /* Frameworks */,
				84AD6DB921FD0F03002223AF /* Resources */,
			);
			buildRules = (
			);
			dependencies = (
			);
			name = Xox;
			productName = Xox;
			productReference = 84AD6DBB21FD0F03002223AF /* Xox.app */;
			productType = "com.apple.product-type.application";
		};
		84AD6DCE21FD0F05002223AF /* XoxTests */ = {
			isa = PBXNativeTarget;
			buildConfigurationList = 84AD6DE621FD0F05002223AF /* Build configuration list for PBXNativeTarget "XoxTests" */;
			buildPhases = (
				84AD6DCB21FD0F05002223AF /* Sources */,
				84AD6DCC21FD0F05002223AF /* Frameworks */,
				84AD6DCD21FD0F05002223AF /* Resources */,
			);
			buildRules = (
			);
			dependencies = (
				84AD6DD121FD0F05002223AF /* PBXTargetDependency */,
			);
			name = XoxTests;
			productName = XoxTests;
			productReference = 84AD6DCF21FD0F05002223AF /* XoxTests.xctest */;
			productType = "com.apple.product-type.bundle.unit-test";
		};
		84AD6DD921FD0F05002223AF /* XoxUITests */ = {
			isa = PBXNativeTarget;
			buildConfigurationList = 84AD6DE921FD0F05002223AF /* Build configuration list for PBXNativeTarget "XoxUITests" */;
			buildPhases = (
				84AD6DD621FD0F05002223AF /* Sources */,
				84AD6DD721FD0F05002223AF /* Frameworks */,
				84AD6DD821FD0F05002223AF /* Resources */,
			);
			buildRules = (
			);
			dependencies = (
				84AD6DDC21FD0F05002223AF /* PBXTargetDependency */,
			);
			name = XoxUITests;
			productName = XoxUITests;
			productReference = 84AD6DDA21FD0F05002223AF /* XoxUITests.xctest */;
			productType = "com.apple.product-type.bundle.ui-testing";
		};
/* End PBXNativeTarget section */

/* Begin PBXProject section */
		84AD6DB321FD0F03002223AF /* Project object */ = {
			isa = PBXProject;
			attributes = {
				LastSwiftUpdateCheck = 1010;
				LastUpgradeCheck = 1010;
				ORGANIZATIONNAME = furrki;
				TargetAttributes = {
					84AD6DBA21FD0F03002223AF = {
						CreatedOnToolsVersion = 10.1;
					};
					84AD6DCE21FD0F05002223AF = {
						CreatedOnToolsVersion = 10.1;
						TestTargetID = 84AD6DBA21FD0F03002223AF;
					};
					84AD6DD921FD0F05002223AF = {
						CreatedOnToolsVersion = 10.1;
						TestTargetID = 84AD6DBA21FD0F03002223AF;
					};
				};
			};
			buildConfigurationList = 84AD6DB621FD0F03002223AF /* Build configuration list for PBXProject "Xox" */;
			compatibilityVersion = "Xcode 9.3";
			developmentRegion = en;
			hasScannedForEncodings = 0;
			knownRegions = (
				en,
				Base,
			);
			mainGroup = 84AD6DB221FD0F03002223AF;
			productRefGroup = 84AD6DBC21FD0F03002223AF /* Products */;
			projectDirPath = "";
			projectRoot = "";
			targets = (
				84AD6DBA21FD0F03002223AF /* Xox */,
				84AD6DCE21FD0F05002223AF /* XoxTests */,
				84AD6DD921FD0F05002223AF /* XoxUITests */,
			);
		};
/* End PBXProject section */

/* Begin PBXResourcesBuildPhase section */
		84AD6DB921FD0F03002223AF /* Resources */ = {
			isa = PBXResourcesBuildPhase;
			buildActionMask = 2147483647;
			files = (
				84AD6DC921FD0F05002223AF /* LaunchScreen.storyboard in Resources */,
				84AD6DC621FD0F05002223AF /* Assets.xcassets in Resources */,
				84AD6DF521FD92C5002223AF /* bg.jpg in Resources */,
				84AD6DC421FD0F03002223AF /* Main.storyboard in Resources */,
			);
			runOnlyForDeploymentPostprocessing = 0;
		};
		84AD6DCD21FD0F05002223AF /* Resources */ = {
			isa = PBXResourcesBuildPhase;
			buildActionMask = 2147483647;
			files = (
			);
			runOnlyForDeploymentPostprocessing = 0;
		};
		84AD6DD821FD0F05002223AF /* Resources */ = {
			isa = PBXResourcesBuildPhase;
			buildActionMask = 2147483647;
			files = (
			);
			runOnlyForDeploymentPostprocessing = 0;
		};
/* End PBXResourcesBuildPhase section */

/* Begin PBXSourcesBuildPhase section */
		84AD6DB721FD0F03002223AF /* Sources */ = {
			isa = PBXSourcesBuildPhase;
			buildActionMask = 2147483647;
			files = (
				84AD6E0921FDABCA002223AF /* GameCellVM.swift in Sources */,
				84AD6DC121FD0F03002223AF /* MainVC.swift in Sources */,
				84AD6DF021FD91BC002223AF /* Game.swift in Sources */,
				84AD6DF921FD9588002223AF /* GameVC.swift in Sources */,
				84AD6DFD21FD95A8002223AF /* GameVM.swift in Sources */,
				84AD6DBF21FD0F03002223AF /* AppDelegate.swift in Sources */,
				84AD6E0121FD9FC6002223AF /* AI.swift in Sources */,
				84AD6E0621FDAB6E002223AF /* GameCell.swift in Sources */,
			);
			runOnlyForDeploymentPostprocessing = 0;
		};
		84AD6DCB21FD0F05002223AF /* Sources */ = {
			isa = PBXSourcesBuildPhase;
			buildActionMask = 2147483647;
			files = (
				84AD6E0D21FDC936002223AF /* GameCellVM.swift in Sources */,
				84AD6DFE21FD95A8002223AF /* GameVM.swift in Sources */,
				84AD6DD421FD0F05002223AF /* XoxTests.swift in Sources */,
				84AD6DFA21FD9588002223AF /* GameVC.swift in Sources */,
				84AD6E0221FD9FC6002223AF /* AI.swift in Sources */,
				84AD6DF121FD91BC002223AF /* Game.swift in Sources */,
				84AD6E0E21FDC939002223AF /* GameCell.swift in Sources */,
			);
			runOnlyForDeploymentPostprocessing = 0;
		};
		84AD6DD621FD0F05002223AF /* Sources */ = {
			isa = PBXSourcesBuildPhase;
			buildActionMask = 2147483647;
			files = (
				84AD6DFF21FD95A8002223AF /* GameVM.swift in Sources */,
				84AD6DDF21FD0F05002223AF /* XoxUITests.swift in Sources */,
				84AD6DFB21FD9588002223AF /* GameVC.swift in Sources */,
				84AD6E0321FD9FC6002223AF /* AI.swift in Sources */,
				84AD6DF221FD91BC002223AF /* Game.swift in Sources */,
				84AD6E0721FDAB6E002223AF /* GameCell.swift in Sources */,
				84AD6E0C21FDACC2002223AF /* GameCellVM.swift in Sources */,
			);
			runOnlyForDeploymentPostprocessing = 0;
		};
/* End PBXSourcesBuildPhase section */

/* Begin PBXTargetDependency section */
		84AD6DD121FD0F05002223AF /* PBXTargetDependency */ = {
			isa = PBXTargetDependency;
			target = 84AD6DBA21FD0F03002223AF /* Xox */;
			targetProxy = 84AD6DD021FD0F05002223AF /* PBXContainerItemProxy */;
		};
		84AD6DDC21FD0F05002223AF /* PBXTargetDependency */ = {
			isa = PBXTargetDependency;
			target = 84AD6DBA21FD0F03002223AF /* Xox */;
			targetProxy = 84AD6DDB21FD0F05002223AF /* PBXContainerItemProxy */;
		};
/* End PBXTargetDependency section */

/* Begin PBXVariantGroup section */
		84AD6DC221FD0F03002223AF /* Main.storyboard */ = {
			isa = PBXVariantGroup;
			children = (
				84AD6DC321FD0F03002223AF /* Base */,
			);
			name = Main.storyboard;
			sourceTree = "<group>";
		};
		84AD6DC721FD0F05002223AF /* LaunchScreen.storyboard */ = {
			isa = PBXVariantGroup;
			children = (
				84AD6DC821FD0F05002223AF /* Base */,
			);
			name = LaunchScreen.storyboard;
			sourceTree = "<group>";
		};
/* End PBXVariantGroup section */

/* Begin XCBuildConfiguration section */
		84AD6DE121FD0F05002223AF /* Debug */ = {
			isa = XCBuildConfiguration;
			buildSettings = {
				ALWAYS_SEARCH_USER_PATHS = NO;
				CLANG_ANALYZER_NONNULL = YES;
				CLANG_ANALYZER_NUMBER_OBJECT_CONVERSION = YES_AGGRESSIVE;
				CLANG_CXX_LANGUAGE_STANDARD = "gnu++14";
				CLANG_CXX_LIBRARY = "libc++";
				CLANG_ENABLE_MODULES = YES;
				CLANG_ENABLE_OBJC_ARC = YES;
				CLANG_ENABLE_OBJC_WEAK = YES;
				CLANG_WARN_BLOCK_CAPTURE_AUTORELEASING = YES;
				CLANG_WARN_BOOL_CONVERSION = YES;
				CLANG_WARN_COMMA = YES;
				CLANG_WARN_CONSTANT_CONVERSION = YES;
				CLANG_WARN_DEPRECATED_OBJC_IMPLEMENTATIONS = YES;
				CLANG_WARN_DIRECT_OBJC_ISA_USAGE = YES_ERROR;
				CLANG_WARN_DOCUMENTATION_COMMENTS = YES;
				CLANG_WARN_EMPTY_BODY = YES;
				CLANG_WARN_ENUM_CONVERSION = YES;
				CLANG_WARN_INFINITE_RECURSION = YES;
				CLANG_WARN_INT_CONVERSION = YES;
				CLANG_WARN_NON_LITERAL_NULL_CONVERSION = YES;
				CLANG_WARN_OBJC_IMPLICIT_RETAIN_SELF = YES;
				CLANG_WARN_OBJC_LITERAL_CONVERSION = YES;
				CLANG_WARN_OBJC_ROOT_CLASS = YES_ERROR;
				CLANG_WARN_RANGE_LOOP_ANALYSIS = YES;
				CLANG_WARN_STRICT_PROTOTYPES = YES;
				CLANG_WARN_SUSPICIOUS_MOVE = YES;
				CLANG_WARN_UNGUARDED_AVAILABILITY = YES_AGGRESSIVE;
				CLANG_WARN_UNREACHABLE_CODE = YES;
				CLANG_WARN__DUPLICATE_METHOD_MATCH = YES;
				CODE_SIGN_IDENTITY = "iPhone Developer";
				COPY_PHASE_STRIP = NO;
				DEBUG_INFORMATION_FORMAT = dwarf;
				ENABLE_STRICT_OBJC_MSGSEND = YES;
				ENABLE_TESTABILITY = YES;
				GCC_C_LANGUAGE_STANDARD = gnu11;
				GCC_DYNAMIC_NO_PIC = NO;
				GCC_NO_COMMON_BLOCKS = YES;
				GCC_OPTIMIZATION_LEVEL = 0;
				GCC_PREPROCESSOR_DEFINITIONS = (
					"DEBUG=1",
					"$(inherited)",
				);
				GCC_WARN_64_TO_32_BIT_CONVERSION = YES;
				GCC_WARN_ABOUT_RETURN_TYPE = YES_ERROR;
				GCC_WARN_UNDECLARED_SELECTOR = YES;
				GCC_WARN_UNINITIALIZED_AUTOS = YES_AGGRESSIVE;
				GCC_WARN_UNUSED_FUNCTION = YES;
				GCC_WARN_UNUSED_VARIABLE = YES;
				IPHONEOS_DEPLOYMENT_TARGET = 12.1;
				MTL_ENABLE_DEBUG_INFO = INCLUDE_SOURCE;
				MTL_FAST_MATH = YES;
				ONLY_ACTIVE_ARCH = YES;
				SDKROOT = iphoneos;
				SWIFT_ACTIVE_COMPILATION_CONDITIONS = DEBUG;
				SWIFT_OPTIMIZATION_LEVEL = "-Onone";
			};
			name = Debug;
		};
		84AD6DE221FD0F05002223AF /* Release */ = {
			isa = XCBuildConfiguration;
			buildSettings = {
				ALWAYS_SEARCH_USER_PATHS = NO;
				CLANG_ANALYZER_NONNULL = YES;
				CLANG_ANALYZER_NUMBER_OBJECT_CONVERSION = YES_AGGRESSIVE;
				CLANG_CXX_LANGUAGE_STANDARD = "gnu++14";
				CLANG_CXX_LIBRARY = "libc++";
				CLANG_ENABLE_MODULES = YES;
				CLANG_ENABLE_OBJC_ARC = YES;
				CLANG_ENABLE_OBJC_WEAK = YES;
				CLANG_WARN_BLOCK_CAPTURE_AUTORELEASING = YES;
				CLANG_WARN_BOOL_CONVERSION = YES;
				CLANG_WARN_COMMA = YES;
				CLANG_WARN_CONSTANT_CONVERSION = YES;
				CLANG_WARN_DEPRECATED_OBJC_IMPLEMENTATIONS = YES;
				CLANG_WARN_DIRECT_OBJC_ISA_USAGE = YES_ERROR;
				CLANG_WARN_DOCUMENTATION_COMMENTS = YES;
				CLANG_WARN_EMPTY_BODY = YES;
				CLANG_WARN_ENUM_CONVERSION = YES;
				CLANG_WARN_INFINITE_RECURSION = YES;
				CLANG_WARN_INT_CONVERSION = YES;
				CLANG_WARN_NON_LITERAL_NULL_CONVERSION = YES;
				CLANG_WARN_OBJC_IMPLICIT_RETAIN_SELF = YES;
				CLANG_WARN_OBJC_LITERAL_CONVERSION = YES;
				CLANG_WARN_OBJC_ROOT_CLASS = YES_ERROR;
				CLANG_WARN_RANGE_LOOP_ANALYSIS = YES;
				CLANG_WARN_STRICT_PROTOTYPES = YES;
				CLANG_WARN_SUSPICIOUS_MOVE = YES;
				CLANG_WARN_UNGUARDED_AVAILABILITY = YES_AGGRESSIVE;
				CLANG_WARN_UNREACHABLE_CODE = YES;
				CLANG_WARN__DUPLICATE_METHOD_MATCH = YES;
				CODE_SIGN_IDENTITY = "iPhone Developer";
				COPY_PHASE_STRIP = NO;
				DEBUG_INFORMATION_FORMAT = "dwarf-with-dsym";
				ENABLE_NS_ASSERTIONS = NO;
				ENABLE_STRICT_OBJC_MSGSEND = YES;
				GCC_C_LANGUAGE_STANDARD = gnu11;
				GCC_NO_COMMON_BLOCKS = YES;
				GCC_WARN_64_TO_32_BIT_CONVERSION = YES;
				GCC_WARN_ABOUT_RETURN_TYPE = YES_ERROR;
				GCC_WARN_UNDECLARED_SELECTOR = YES;
				GCC_WARN_UNINITIALIZED_AUTOS = YES_AGGRESSIVE;
				GCC_WARN_UNUSED_FUNCTION = YES;
				GCC_WARN_UNUSED_VARIABLE = YES;
				IPHONEOS_DEPLOYMENT_TARGET = 12.1;
				MTL_ENABLE_DEBUG_INFO = NO;
				MTL_FAST_MATH = YES;
				SDKROOT = iphoneos;
				SWIFT_COMPILATION_MODE = wholemodule;
				SWIFT_OPTIMIZATION_LEVEL = "-O";
				VALIDATE_PRODUCT = YES;
			};
			name = Release;
		};
		84AD6DE421FD0F05002223AF /* Debug */ = {
			isa = XCBuildConfiguration;
			buildSettings = {
				ASSETCATALOG_COMPILER_APPICON_NAME = AppIcon;
				CODE_SIGN_STYLE = Automatic;
				DEVELOPMENT_TEAM = JZL8G3WV3F;
				INFOPLIST_FILE = Xox/Info.plist;
				LD_RUNPATH_SEARCH_PATHS = (
					"$(inherited)",
					"@executable_path/Frameworks",
				);
				PRODUCT_BUNDLE_IDENTIFIER = furrki.Xox;
				PRODUCT_NAME = "$(TARGET_NAME)";
				SWIFT_VERSION = 4.2;
				TARGETED_DEVICE_FAMILY = "1,2";
			};
			name = Debug;
		};
		84AD6DE521FD0F05002223AF /* Release */ = {
			isa = XCBuildConfiguration;
			buildSettings = {
				ASSETCATALOG_COMPILER_APPICON_NAME = AppIcon;
				CODE_SIGN_STYLE = Automatic;
				DEVELOPMENT_TEAM = JZL8G3WV3F;
				INFOPLIST_FILE = Xox/Info.plist;
				LD_RUNPATH_SEARCH_PATHS = (
					"$(inherited)",
					"@executable_path/Frameworks",
				);
				PRODUCT_BUNDLE_IDENTIFIER = furrki.Xox;
				PRODUCT_NAME = "$(TARGET_NAME)";
				SWIFT_VERSION = 4.2;
				TARGETED_DEVICE_FAMILY = "1,2";
			};
			name = Release;
		};
		84AD6DE721FD0F05002223AF /* Debug */ = {
			isa = XCBuildConfiguration;
			buildSettings = {
				ALWAYS_EMBED_SWIFT_STANDARD_LIBRARIES = YES;
				BUNDLE_LOADER = "$(TEST_HOST)";
				CODE_SIGN_STYLE = Automatic;
				DEVELOPMENT_TEAM = JZL8G3WV3F;
				INFOPLIST_FILE = XoxTests/Info.plist;
				LD_RUNPATH_SEARCH_PATHS = (
					"$(inherited)",
					"@executable_path/Frameworks",
					"@loader_path/Frameworks",
				);
				PRODUCT_BUNDLE_IDENTIFIER = furrki.XoxTests;
				PRODUCT_NAME = "$(TARGET_NAME)";
				SWIFT_VERSION = 4.2;
				TARGETED_DEVICE_FAMILY = "1,2";
				TEST_HOST = "$(BUILT_PRODUCTS_DIR)/Xox.app/Xox";
			};
			name = Debug;
		};
		84AD6DE821FD0F05002223AF /* Release */ = {
			isa = XCBuildConfiguration;
			buildSettings = {
				ALWAYS_EMBED_SWIFT_STANDARD_LIBRARIES = YES;
				BUNDLE_LOADER = "$(TEST_HOST)";
				CODE_SIGN_STYLE = Automatic;
				DEVELOPMENT_TEAM = JZL8G3WV3F;
				INFOPLIST_FILE = XoxTests/Info.plist;
				LD_RUNPATH_SEARCH_PATHS = (
					"$(inherited)",
					"@executable_path/Frameworks",
					"@loader_path/Frameworks",
				);
				PRODUCT_BUNDLE_IDENTIFIER = furrki.XoxTests;
				PRODUCT_NAME = "$(TARGET_NAME)";
				SWIFT_VERSION = 4.2;
				TARGETED_DEVICE_FAMILY = "1,2";
				TEST_HOST = "$(BUILT_PRODUCTS_DIR)/Xox.app/Xox";
			};
			name = Release;
		};
		84AD6DEA21FD0F05002223AF /* Debug */ = {
			isa = XCBuildConfiguration;
			buildSettings = {
				ALWAYS_EMBED_SWIFT_STANDARD_LIBRARIES = YES;
				CODE_SIGN_STYLE = Automatic;
				DEVELOPMENT_TEAM = JZL8G3WV3F;
				INFOPLIST_FILE = XoxUITests/Info.plist;
				LD_RUNPATH_SEARCH_PATHS = (
					"$(inherited)",
					"@executable_path/Frameworks",
					"@loader_path/Frameworks",
				);
				PRODUCT_BUNDLE_IDENTIFIER = furrki.XoxUITests;
				PRODUCT_NAME = "$(TARGET_NAME)";
				SWIFT_VERSION = 4.2;
				TARGETED_DEVICE_FAMILY = "1,2";
				TEST_TARGET_NAME = Xox;
			};
			name = Debug;
		};
		84AD6DEB21FD0F05002223AF /* Release */ = {
			isa = XCBuildConfiguration;
			buildSettings = {
				ALWAYS_EMBED_SWIFT_STANDARD_LIBRARIES = YES;
				CODE_SIGN_STYLE = Automatic;
				DEVELOPMENT_TEAM = JZL8G3WV3F;
				INFOPLIST_FILE = XoxUITests/Info.plist;
				LD_RUNPATH_SEARCH_PATHS = (
					"$(inherited)",
					"@executable_path/Frameworks",
					"@loader_path/Frameworks",
				);
				PRODUCT_BUNDLE_IDENTIFIER = furrki.XoxUITests;
				PRODUCT_NAME = "$(TARGET_NAME)";
				SWIFT_VERSION = 4.2;
				TARGETED_DEVICE_FAMILY = "1,2";
				TEST_TARGET_NAME = Xox;
			};
			name = Release;
		};
/* End XCBuildConfiguration section */

/* Begin XCConfigurationList section */
		84AD6DB621FD0F03002223AF /* Build configuration list for PBXProject "Xox" */ = {
			isa = XCConfigurationList;
			buildConfigurations = (
				84AD6DE121FD0F05002223AF /* Debug */,
				84AD6DE221FD0F05002223AF /* Release */,
			);
			defaultConfigurationIsVisible = 0;
			defaultConfigurationName = Release;
		};
		84AD6DE321FD0F05002223AF /* Build configuration list for PBXNativeTarget "Xox" */ = {
			isa = XCConfigurationList;
			buildConfigurations = (
				84AD6DE421FD0F05002223AF /* Debug */,
				84AD6DE521FD0F05002223AF /* Release */,
			);
			defaultConfigurationIsVisible = 0;
			defaultConfigurationName = Release;
		};
		84AD6DE621FD0F05002223AF /* Build configuration list for PBXNativeTarget "XoxTests" */ = {
			isa = XCConfigurationList;
			buildConfigurations = (
				84AD6DE721FD0F05002223AF /* Debug */,
				84AD6DE821FD0F05002223AF /* Release */,
			);
			defaultConfigurationIsVisible = 0;
			defaultConfigurationName = Release;
		};
		84AD6DE921FD0F05002223AF /* Build configuration list for PBXNativeTarget "XoxUITests" */ = {
			isa = XCConfigurationList;
			buildConfigurations = (
				84AD6DEA21FD0F05002223AF /* Debug */,
				84AD6DEB21FD0F05002223AF /* Release */,
			);
			defaultConfigurationIsVisible = 0;
			defaultConfigurationName = Release;
		};
/* End XCConfigurationList section */
	};
	rootObject = 84AD6DB321FD0F03002223AF /* Project object */;
}
